
Microsoft Visual Studio Solution File, Format Version 12.00
# Visual Studio 2013
VisualStudioVersion = 12.0.31101.0
MinimumVisualStudioVersion = 10.0.40219.1
Project("{FAE04EC0-301F-11D3-BF4B-00C04F79EFBC}") = "Slab", "Slab\Slab.csproj", "{F14590D2-1E0B-44F2-B907-0909177536FE}"
EndProject
Project("{2150E333-8FDC-42A3-9474-1A3956D46DE8}") = "NuGet", "NuGet", "{30871CD8-050F-45E3-8878-82D73E517AFB}"
	ProjectSection(SolutionItems) = preProject
		App.xaml.install.xdt = App.xaml.install.xdt
		Slab.nuspec = Slab.nuspec
	EndProjectSection
EndProject
Project("{FAE04EC0-301F-11D3-BF4B-00C04F79EFBC}") = "Slab.WinPhone", "Slab.WinPhone\Slab.WinPhone.csproj", "{E3C8453A-3B3E-454B-8EF5-D334BC83665C}"
EndProject
Project("{FAE04EC0-301F-11D3-BF4B-00C04F79EFBC}") = "Slab.Xaml", "Slab.Xaml\Slab.Xaml.csproj", "{0BC0040E-1C82-4032-9A94-5E714451E647}"
EndProject
Project("{FAE04EC0-301F-11D3-BF4B-00C04F79EFBC}") = "Slab.WinStore", "Slab.WinStore\Slab.WinStore.csproj", "{8F12540E-AB00-474E-A556-563BD15FBE6A}"
EndProject
Project("{FAE04EC0-301F-11D3-BF4B-00C04F79EFBC}") = "Slab.Tests", "Slab.Tests\Slab.Tests.csproj", "{92C2CE92-656F-48E5-8EC9-D9FF20C78121}"
EndProject
Global
	GlobalSection(SolutionConfigurationPlatforms) = preSolution
		Debug|Any CPU = Debug|Any CPU
		Debug|ARM = Debug|ARM
		Debug|x64 = Debug|x64
		Debug|x86 = Debug|x86
		Release|Any CPU = Release|Any CPU
		Release|ARM = Release|ARM
		Release|x64 = Release|x64
		Release|x86 = Release|x86
	EndGlobalSection
	GlobalSection(ProjectConfigurationPlatforms) = postSolution
		{F14590D2-1E0B-44F2-B907-0909177536FE}.Debug|Any CPU.ActiveCfg = Debug|Any CPU
		{F14590D2-1E0B-44F2-B907-0909177536FE}.Debug|Any CPU.Build.0 = Debug|Any CPU
		{F14590D2-1E0B-44F2-B907-0909177536FE}.Debug|ARM.ActiveCfg = Debug|Any CPU
		{F14590D2-1E0B-44F2-B907-0909177536FE}.Debug|x64.ActiveCfg = Debug|Any CPU
		{F14590D2-1E0B-44F2-B907-0909177536FE}.Debug|x86.ActiveCfg = Debug|Any CPU
		{F14590D2-1E0B-44F2-B907-0909177536FE}.Release|Any CPU.ActiveCfg = Release|Any CPU
		{F14590D2-1E0B-44F2-B907-0909177536FE}.Release|Any CPU.Build.0 = Release|Any CPU
		{F14590D2-1E0B-44F2-B907-0909177536FE}.Release|ARM.ActiveCfg = Release|Any CPU
		{F14590D2-1E0B-44F2-B907-0909177536FE}.Release|x64.ActiveCfg = Release|Any CPU
		{F14590D2-1E0B-44F2-B907-0909177536FE}.Release|x86.ActiveCfg = Release|Any CPU
		{E3C8453A-3B3E-454B-8EF5-D334BC83665C}.Debug|Any CPU.ActiveCfg = Debug|Any CPU
		{E3C8453A-3B3E-454B-8EF5-D334BC83665C}.Debug|Any CPU.Build.0 = Debug|Any CPU
		{E3C8453A-3B3E-454B-8EF5-D334BC83665C}.Debug|ARM.ActiveCfg = Debug|ARM
		{E3C8453A-3B3E-454B-8EF5-D334BC83665C}.Debug|ARM.Build.0 = Debug|ARM
		{E3C8453A-3B3E-454B-8EF5-D334BC83665C}.Debug|x64.ActiveCfg = Debug|Any CPU
		{E3C8453A-3B3E-454B-8EF5-D334BC83665C}.Debug|x86.ActiveCfg = Debug|x86
		{E3C8453A-3B3E-454B-8EF5-D334BC83665C}.Debug|x86.Build.0 = Debug|x86
		{E3C8453A-3B3E-454B-8EF5-D334BC83665C}.Release|Any CPU.ActiveCfg = Release|Any CPU
		{E3C8453A-3B3E-454B-8EF5-D334BC83665C}.Release|Any CPU.Build.0 = Release|Any CPU
		{E3C8453A-3B3E-454B-8EF5-D334BC83665C}.Release|ARM.ActiveCfg = Release|ARM
		{E3C8453A-3B3E-454B-8EF5-D334BC83665C}.Release|ARM.Build.0 = Release|ARM
		{E3C8453A-3B3E-454B-8EF5-D334BC83665C}.Release|x64.ActiveCfg = Release|Any CPU
		{E3C8453A-3B3E-454B-8EF5-D334BC83665C}.Release|x86.ActiveCfg = Release|x86
		{E3C8453A-3B3E-454B-8EF5-D334BC83665C}.Release|x86.Build.0 = Release|x86
		{0BC0040E-1C82-4032-9A94-5E714451E647}.Debug|Any CPU.ActiveCfg = Debug|Any CPU
		{0BC0040E-1C82-4032-9A94-5E714451E647}.Debug|Any CPU.Build.0 = Debug|Any CPU
		{0BC0040E-1C82-4032-9A94-5E714451E647}.Debug|ARM.ActiveCfg = Debug|Any CPU
		{0BC0040E-1C82-4032-9A94-5E714451E647}.Debug|x64.ActiveCfg = Debug|Any CPU
		{0BC0040E-1C82-4032-9A94-5E714451E647}.Debug|x86.ActiveCfg = Debug|Any CPU
		{0BC0040E-1C82-4032-9A94-5E714451E647}.Release|Any CPU.ActiveCfg = Release|Any CPU
		{0BC0040E-1C82-4032-9A94-5E714451E647}.Release|Any CPU.Build.0 = Release|Any CPU
		{0BC0040E-1C82-4032-9A94-5E714451E647}.Release|ARM.ActiveCfg = Release|Any CPU
		{0BC0040E-1C82-4032-9A94-5E714451E647}.Release|x64.ActiveCfg = Release|Any CPU
		{0BC0040E-1C82-4032-9A94-5E714451E647}.Release|x86.ActiveCfg = Release|Any CPU
		{8F12540E-AB00-474E-A556-563BD15FBE6A}.Debug|Any CPU.ActiveCfg = Debug|Any CPU
		{8F12540E-AB00-474E-A556-563BD15FBE6A}.Debug|Any CPU.Build.0 = Debug|Any CPU
		{8F12540E-AB00-474E-A556-563BD15FBE6A}.Debug|ARM.ActiveCfg = Debug|ARM
		{8F12540E-AB00-474E-A556-563BD15FBE6A}.Debug|ARM.Build.0 = Debug|ARM
		{8F12540E-AB00-474E-A556-563BD15FBE6A}.Debug|x64.ActiveCfg = Debug|x64
		{8F12540E-AB00-474E-A556-563BD15FBE6A}.Debug|x64.Build.0 = Debug|x64
		{8F12540E-AB00-474E-A556-563BD15FBE6A}.Debug|x86.ActiveCfg = Debug|x86
		{8F12540E-AB00-474E-A556-563BD15FBE6A}.Debug|x86.Build.0 = Debug|x86
		{8F12540E-AB00-474E-A556-563BD15FBE6A}.Release|Any CPU.ActiveCfg = Release|Any CPU
		{8F12540E-AB00-474E-A556-563BD15FBE6A}.Release|Any CPU.Build.0 = Release|Any CPU
		{8F12540E-AB00-474E-A556-563BD15FBE6A}.Release|ARM.ActiveCfg = Release|ARM
		{8F12540E-AB00-474E-A556-563BD15FBE6A}.Release|ARM.Build.0 = Release|ARM
		{8F12540E-AB00-474E-A556-563BD15FBE6A}.Release|x64.ActiveCfg = Release|x64
		{8F12540E-AB00-474E-A556-563BD15FBE6A}.Release|x64.Build.0 = Release|x64
		{8F12540E-AB00-474E-A556-563BD15FBE6A}.Release|x86.ActiveCfg = Release|x86
		{8F12540E-AB00-474E-A556-563BD15FBE6A}.Release|x86.Build.0 = Release|x86
		{92C2CE92-656F-48E5-8EC9-D9FF20C78121}.Debug|Any CPU.ActiveCfg = Debug|Any CPU
		{92C2CE92-656F-48E5-8EC9-D9FF20C78121}.Debug|Any CPU.Build.0 = Debug|Any CPU
		{92C2CE92-656F-48E5-8EC9-D9FF20C78121}.Debug|ARM.ActiveCfg = Debug|Any CPU
		{92C2CE92-656F-48E5-8EC9-D9FF20C78121}.Debug|x64.ActiveCfg = Debug|Any CPU
		{92C2CE92-656F-48E5-8EC9-D9FF20C78121}.Debug|x86.ActiveCfg = Debug|Any CPU
		{92C2CE92-656F-48E5-8EC9-D9FF20C78121}.Release|Any CPU.ActiveCfg = Release|Any CPU
		{92C2CE92-656F-48E5-8EC9-D9FF20C78121}.Release|Any CPU.Build.0 = Release|Any CPU
		{92C2CE92-656F-48E5-8EC9-D9FF20C78121}.Release|ARM.ActiveCfg = Release|Any CPU
		{92C2CE92-656F-48E5-8EC9-D9FF20C78121}.Release|x64.ActiveCfg = Release|Any CPU
		{92C2CE92-656F-48E5-8EC9-D9FF20C78121}.Release|x86.ActiveCfg = Release|Any CPU
	EndGlobalSection
	GlobalSection(SolutionProperties) = preSolution
		HideSolutionNode = FALSE
	EndGlobalSection
EndGlobal
